{
  "nodes": {
    "nixpkgs": {
      "locked": {
        "lastModified": 315532800,
        "narHash": "sha256-gVTEpnfY0A1e9++s9s6t26RMTQvRoWexvUGxYhbnzHg=",
        "rev": "e4b09e47ace7d87de083786b404bf232eb6c89d8",
        "type": "tarball",
        "url": "https://releases.nixos.org/nixpkgs/nixpkgs-25.11pre809757.e4b09e47ace7/nixexprs.tar.xz?rev=e4b09e47ace7d87de083786b404bf232eb6c89d8"
      },
      "original": {
        "type": "tarball",
        "url": "https://channels.nixos.org/nixpkgs-unstable/nixexprs.tar.xz"
      }
    },
    "root": {
      "inputs": {
        "nixpkgs": "nixpkgs"
      }
    }
  },
  "root": "root",
  "version": 7
}
