{
  "version": "2",
  "remote": {
    "https://deno.land/std@0.172.0/_util/asserts.ts": "178dfc49a464aee693a7e285567b3d0b555dc805ff490505a8aae34f9cfb1462",
    "https://deno.land/std@0.172.0/_util/os.ts": "d932f56d41e4f6a6093d56044e29ce637f8dcc43c5a90af43504a889cf1775e3",
    "https://deno.land/std@0.172.0/bytes/bytes_list.ts": "b4cbdfd2c263a13e8a904b12d082f6177ea97d9297274a4be134e989450dfa6a",
    "https://deno.land/std@0.172.0/bytes/concat.ts": "d26d6f3d7922e6d663dacfcd357563b7bf4a380ce5b9c2bbe0c8586662f25ce2",
    "https://deno.land/std@0.172.0/bytes/copy.ts": "939d89e302a9761dcf1d9c937c7711174ed74c59eef40a1e4569a05c9de88219",
    "https://deno.land/std@0.172.0/encoding/_yaml/dumper/dumper.ts": "49053c293a2250b33f2efc0ce3973280c6dc3bc0b41397af3863b5f03340e01b",
    "https://deno.land/std@0.172.0/encoding/_yaml/dumper/dumper_state.ts": "975a3702752a29251c5746206507dfebbfede60dd2c0dec161dc22633fbc6085",
    "https://deno.land/std@0.172.0/encoding/_yaml/error.ts": "e60ab51d7c0253cf0d1cf7d445202e8e3da5c77aae0032071ba7400121c281b4",
    "https://deno.land/std@0.172.0/encoding/_yaml/loader/loader.ts": "6c59f60faaf78d73db0e016293f4bfed19e6356d7064230d07d6b68a65a1df5d",
    "https://deno.land/std@0.172.0/encoding/_yaml/loader/loader_state.ts": "fcc82fcdf167acb0e9e5e32b32682e58b45f2d44210bf685794797ccb5621232",
    "https://deno.land/std@0.172.0/encoding/_yaml/mark.ts": "0027d6f62a70a6c64b85bd1751ddf1646ea97edcefbf5bea1706d5e519f4e34f",
    "https://deno.land/std@0.172.0/encoding/_yaml/parse.ts": "63e79582e07145ca1d3205d1ac72b82bf5ce14159dabae195abe7e36de8111bd",
    "https://deno.land/std@0.172.0/encoding/_yaml/schema.ts": "0833c75c59bf72c8a8f96f6c0615bcd98d23fdd9b076657f42b5c1a4f9d972b0",
    "https://deno.land/std@0.172.0/encoding/_yaml/schema/core.ts": "366f56673336ba24f5723c04319efcc7471be5f55d5f8d95c9b4a38ec233d4c6",
    "https://deno.land/std@0.172.0/encoding/_yaml/schema/default.ts": "96e9ed6ead36f53a0832c542fc9b8cca7f8b4a67c1c8424e1423a39ee7154db7",
    "https://deno.land/std@0.172.0/encoding/_yaml/schema/extended.ts": "f9bd75c79ebdfb92a8e167488b6bde7113a31b8fabe20ad7eed0904fba11bcd2",
    "https://deno.land/std@0.172.0/encoding/_yaml/schema/failsafe.ts": "cddcbf0258bbe0cd77ca10e2f5aec13439f50d4068f96aab08ca2d64496dabe8",
    "https://deno.land/std@0.172.0/encoding/_yaml/schema/json.ts": "c86905dfb1b6c4633750bfbb5bd529a30be5c08287ab7eb6694390b40e276487",
    "https://deno.land/std@0.172.0/encoding/_yaml/schema/mod.ts": "051f93dd97a15aaad2da62bd24627e8fd2f02fb026d21567d924b720d606f078",
    "https://deno.land/std@0.172.0/encoding/_yaml/state.ts": "ef03d55ec235d48dcfbecc0ab3ade90bfae69a61094846e08003421c2cf5cfc6",
    "https://deno.land/std@0.172.0/encoding/_yaml/stringify.ts": "426b73e4dbaeed26ed855add3862786d7e374bd4c59e5e1bd9a6fcd5082be3c7",
    "https://deno.land/std@0.172.0/encoding/_yaml/type.ts": "5ded5472a0f17a219ac3b0e90d96dc8472a68654a40258a31e03a6c6297b6788",
    "https://deno.land/std@0.172.0/encoding/_yaml/type/binary.ts": "935d39794420ac3718d26716192239de6a53566c6f2ba5010e8ed26936b94a89",
    "https://deno.land/std@0.172.0/encoding/_yaml/type/bool.ts": "1c99cfbaa94b022575b636a73e1549569b26fc6bbff2cd5e539aa77b49bdf303",
    "https://deno.land/std@0.172.0/encoding/_yaml/type/float.ts": "f60ad19b27050add694bfc255b7efef27103f047861aa657823ff3f6853bad11",
    "https://deno.land/std@0.172.0/encoding/_yaml/type/function.ts": "65a37f6bef43ef141854ee48a1058d9c9c4c80ed6eed6cd35608329a6957e27a",
    "https://deno.land/std@0.172.0/encoding/_yaml/type/int.ts": "892f59bb7b2dbd64dd9b643c17441af95c0b962ad027e454cb84a68864787b86",
    "https://deno.land/std@0.172.0/encoding/_yaml/type/map.ts": "92e647a6aec0dc184ea4b039a77a15883b54da754311189c595b43f6aaa50030",
    "https://deno.land/std@0.172.0/encoding/_yaml/type/merge.ts": "8192bf3e4d637f32567917f48bb276043da9cf729cf594e5ec191f7cd229337e",
    "https://deno.land/std@0.172.0/encoding/_yaml/type/mod.ts": "060e2b3d38725094b77ea3a3f05fc7e671fced8e67ca18e525be98c4aa8f4bbb",
    "https://deno.land/std@0.172.0/encoding/_yaml/type/nil.ts": "606e8f0c44d73117c81abec822f89ef81e40f712258c74f186baa1af659b8887",
    "https://deno.land/std@0.172.0/encoding/_yaml/type/omap.ts": "fbd5da9970c211335ff7c8fa11e9c5e9256e568d52418ac237d1538c5cb0d5e6",
    "https://deno.land/std@0.172.0/encoding/_yaml/type/pairs.ts": "ea487a44c0ae64d8d952779fa1cb5fa0a12f32a0b5d3d1e8c1f06f446448427c",
    "https://deno.land/std@0.172.0/encoding/_yaml/type/regexp.ts": "672000d22a1062d61577d30b218c28f5cb1d039a7a60079fdde6a4e558d5ca51",
    "https://deno.land/std@0.172.0/encoding/_yaml/type/seq.ts": "39b28f7c7aa41263c5c42cab9d184f03555e9ba19493766afc0c0c325a9ac49f",
    "https://deno.land/std@0.172.0/encoding/_yaml/type/set.ts": "0e30a9f750306b514c8ae9869d1ac2548d57beab55b33e85ea9673ca0a08264c",
    "https://deno.land/std@0.172.0/encoding/_yaml/type/str.ts": "a67a3c6e429d95041399e964015511779b1130ea5889fa257c48457bd3446e31",
    "https://deno.land/std@0.172.0/encoding/_yaml/type/timestamp.ts": "706ea80a76a73e48efaeb400ace087da1f927647b53ad6f754f4e06d51af087f",
    "https://deno.land/std@0.172.0/encoding/_yaml/type/undefined.ts": "94a316ca450597ccbc6750cbd79097ad0d5f3a019797eed3c841a040c29540ba",
    "https://deno.land/std@0.172.0/encoding/_yaml/utils.ts": "26b311f0d42a7ce025060bd6320a68b50e52fd24a839581eb31734cd48e20393",
    "https://deno.land/std@0.172.0/encoding/yaml.ts": "02571d1bbbcfd7c5647789cee872ecf9c1c470e1b1a40948ed219fb661e19d87",
    "https://deno.land/std@0.172.0/io/buf_reader.ts": "90a7adcb3638d8e1361695cdf844d58bcd97c41711dc6f9f8acc0626ebe097f5",
    "https://deno.land/std@0.172.0/io/buf_writer.ts": "759c69d304b04d2909976f2a03a24a107276fbd81ed13593c5c2d43d104b52f3",
    "https://deno.land/std@0.172.0/io/buffer.ts": "24abd4a65403ca3fdffcb6d3f985b0285adfd785f1311ce681708a21126776ad",
    "https://deno.land/std@0.172.0/io/read_delim.ts": "7e102c66f00a118fa1e1ccd4abb080496f43766686907fd8b9522fdf85443586",
    "https://deno.land/std@0.172.0/io/read_lines.ts": "baee9e35034f2fdfccf63bc24b7e3cb45aa1c1c5de26d178f7bcbc572e87772f",
    "https://deno.land/std@0.172.0/io/read_string_delim.ts": "46eb0c9db3547caf8c759631effa200bbe48924f9b34f41edc627bde36cee52d",
    "https://deno.land/std@0.172.0/path/_constants.ts": "e49961f6f4f48039c0dfed3c3f93e963ca3d92791c9d478ac5b43183413136e0",
    "https://deno.land/std@0.172.0/path/_interface.ts": "6471159dfbbc357e03882c2266d21ef9afdb1e4aa771b0545e90db58a0ba314b",
    "https://deno.land/std@0.172.0/path/_util.ts": "86c2375a996c1931b2f2ac71fefd5ddf0cf0e579fa4ab12d3e4c552d4223b8d8",
    "https://deno.land/std@0.172.0/path/common.ts": "ee7505ab01fd22de3963b64e46cff31f40de34f9f8de1fff6a1bd2fe79380000",
    "https://deno.land/std@0.172.0/path/glob.ts": "d479e0a695621c94d3fd7fe7abd4f9499caf32a8de13f25073451c6ef420a4e1",
    "https://deno.land/std@0.172.0/path/mod.ts": "4b83694ac500d7d31b0cdafc927080a53dc0c3027eb2895790fb155082b0d232",
    "https://deno.land/std@0.172.0/path/posix.ts": "0874b341c2c6968ca38d323338b8b295ea1dae10fa872a768d812e2e7d634789",
    "https://deno.land/std@0.172.0/path/separator.ts": "0fb679739d0d1d7bf45b68dacfb4ec7563597a902edbaf3c59b50d5bcadd93b1",
    "https://deno.land/std@0.172.0/path/win32.ts": "672942919dd66ce1b8c224e77d3447e2ad8254eaff13fe6946420a9f78fa141e",
    "https://deno.land/std@0.172.0/types.d.ts": "220ed56662a0bd393ba5d124aa6ae2ad36a00d2fcbc0e8666a65f4606aaa9784",
    "https://deno.land/std@0.181.0/_util/asserts.ts": "178dfc49a464aee693a7e285567b3d0b555dc805ff490505a8aae34f9cfb1462",
    "https://deno.land/std@0.181.0/_util/os.ts": "d932f56d41e4f6a6093d56044e29ce637f8dcc43c5a90af43504a889cf1775e3",
    "https://deno.land/std@0.181.0/bytes/copy.ts": "939d89e302a9761dcf1d9c937c7711174ed74c59eef40a1e4569a05c9de88219",
    "https://deno.land/std@0.181.0/encoding/yaml.ts": "1434324316e821dd76c4d4dcaa88ce792449360335a598b88e7625644c721766",
    "https://deno.land/std@0.181.0/fs/_util.ts": "65381f341af1ff7f40198cee15c20f59951ac26e51ddc651c5293e24f9ce6f32",
    "https://deno.land/std@0.181.0/fs/walk.ts": "ea95ffa6500c1eda6b365be488c056edc7c883a1db41ef46ec3bf057b1c0fe32",
    "https://deno.land/std@0.181.0/io/buffer.ts": "17f4410eaaa60a8a85733e8891349a619eadfbbe42e2f319283ce2b8f29723ab",
    "https://deno.land/std@0.181.0/path/_constants.ts": "e49961f6f4f48039c0dfed3c3f93e963ca3d92791c9d478ac5b43183413136e0",
    "https://deno.land/std@0.181.0/path/_interface.ts": "6471159dfbbc357e03882c2266d21ef9afdb1e4aa771b0545e90db58a0ba314b",
    "https://deno.land/std@0.181.0/path/_util.ts": "d7abb1e0dea065f427b89156e28cdeb32b045870acdf865833ba808a73b576d0",
    "https://deno.land/std@0.181.0/path/common.ts": "ee7505ab01fd22de3963b64e46cff31f40de34f9f8de1fff6a1bd2fe79380000",
    "https://deno.land/std@0.181.0/path/glob.ts": "d479e0a695621c94d3fd7fe7abd4f9499caf32a8de13f25073451c6ef420a4e1",
    "https://deno.land/std@0.181.0/path/mod.ts": "bf718f19a4fdd545aee1b06409ca0805bd1b68ecf876605ce632e932fe54510c",
    "https://deno.land/std@0.181.0/path/posix.ts": "8b7c67ac338714b30c816079303d0285dd24af6b284f7ad63da5b27372a2c94d",
    "https://deno.land/std@0.181.0/path/separator.ts": "0fb679739d0d1d7bf45b68dacfb4ec7563597a902edbaf3c59b50d5bcadd93b1",
    "https://deno.land/std@0.181.0/path/win32.ts": "d186344e5583bcbf8b18af416d13d82b35a317116e6460a5a3953508c3de5bba",
    "https://deno.land/std@0.181.0/types.d.ts": "dbaeb2c4d7c526db9828fc8df89d8aecf53b9ced72e0c4568f97ddd8cda616a4",
    "https://deno.land/std@0.181.0/yaml/_dumper/dumper.ts": "a2c937a53a2b0473125a31a330334cc3f30e98fd82f8143bc225583d1260890b",
    "https://deno.land/std@0.181.0/yaml/_dumper/dumper_state.ts": "f0d0673ceea288334061ca34b63954c2bb5feb5bf6de5e4cfe9a942cdf6e5efe",
    "https://deno.land/std@0.181.0/yaml/_error.ts": "b59e2c76ce5a47b1b9fa0ff9f96c1dd92ea1e1b17ce4347ece5944a95c3c1a84",
    "https://deno.land/std@0.181.0/yaml/_loader/loader.ts": "04cf748a736a9b3a29bd3d4b3c77d81489f82cfe8391627fd6ba8327e1e8cec2",
    "https://deno.land/std@0.181.0/yaml/_loader/loader_state.ts": "0841870b467169269d7c2dfa75cd288c319bc06f65edd9e42c29e5fced91c7a4",
    "https://deno.land/std@0.181.0/yaml/_mark.ts": "dcd8585dee585e024475e9f3fe27d29740670fb64ebb970388094cad0fc11d5d",
    "https://deno.land/std@0.181.0/yaml/_state.ts": "ef03d55ec235d48dcfbecc0ab3ade90bfae69a61094846e08003421c2cf5cfc6",
    "https://deno.land/std@0.181.0/yaml/_type/binary.ts": "d34d8c8d8ed521e270cfede3401c425b971af4f6c69da1e2cb32b172d42c7da7",
    "https://deno.land/std@0.181.0/yaml/_type/bool.ts": "5bfa75da84343d45347b521ba4e5aeace9fe6f53447405290d53315a3fc20e66",
    "https://deno.land/std@0.181.0/yaml/_type/float.ts": "056bd3cb9c5586238b20517511014fb24b0e36f98f9f6073e12da308b6b9808a",
    "https://deno.land/std@0.181.0/yaml/_type/function.ts": "ff574fe84a750695302864e1c31b93f12d14ada4bde79a5f93197fc33ad17471",
    "https://deno.land/std@0.181.0/yaml/_type/int.ts": "563ad074f0fa7aecf6b6c3d84135bcc95a8269dcc15de878de20ce868fd773fa",
    "https://deno.land/std@0.181.0/yaml/_type/map.ts": "7b105e4ab03a361c61e7e335a0baf4d40f06460b13920e5af3fb2783a1464000",
    "https://deno.land/std@0.181.0/yaml/_type/merge.ts": "8192bf3e4d637f32567917f48bb276043da9cf729cf594e5ec191f7cd229337e",
    "https://deno.land/std@0.181.0/yaml/_type/mod.ts": "060e2b3d38725094b77ea3a3f05fc7e671fced8e67ca18e525be98c4aa8f4bbb",
    "https://deno.land/std@0.181.0/yaml/_type/nil.ts": "606e8f0c44d73117c81abec822f89ef81e40f712258c74f186baa1af659b8887",
    "https://deno.land/std@0.181.0/yaml/_type/omap.ts": "cfe59a294726f5cea705c39a61fd2b08199cf48f4ccd6b040cb550ec0f38d0a1",
    "https://deno.land/std@0.181.0/yaml/_type/pairs.ts": "0032fdfe57558d21696a4f8cf5b5cfd1f698743177080affc18629685c905666",
    "https://deno.land/std@0.181.0/yaml/_type/regexp.ts": "1ce118de15b2da43b4bd8e4395f42d448b731acf3bdaf7c888f40789f9a95f8b",
    "https://deno.land/std@0.181.0/yaml/_type/seq.ts": "95333abeec8a7e4d967b8c8328b269e342a4bbdd2585395549b9c4f58c8533a2",
    "https://deno.land/std@0.181.0/yaml/_type/set.ts": "f28ba44e632ef2a6eb580486fd47a460445eeddbdf1dbc739c3e62486f566092",
    "https://deno.land/std@0.181.0/yaml/_type/str.ts": "a67a3c6e429d95041399e964015511779b1130ea5889fa257c48457bd3446e31",
    "https://deno.land/std@0.181.0/yaml/_type/timestamp.ts": "706ea80a76a73e48efaeb400ace087da1f927647b53ad6f754f4e06d51af087f",
    "https://deno.land/std@0.181.0/yaml/_type/undefined.ts": "94a316ca450597ccbc6750cbd79097ad0d5f3a019797eed3c841a040c29540ba",
    "https://deno.land/std@0.181.0/yaml/_utils.ts": "26b311f0d42a7ce025060bd6320a68b50e52fd24a839581eb31734cd48e20393",
    "https://deno.land/std@0.181.0/yaml/parse.ts": "1fbbda572bf3fff578b6482c0d8b85097a38de3176bf3ab2ca70c25fb0c960ef",
    "https://deno.land/std@0.181.0/yaml/schema.ts": "96908b78dc50c340074b93fc1598d5e7e2fe59103f89ff81e5a49b2dedf77a67",
    "https://deno.land/std@0.181.0/yaml/schema/core.ts": "fa406f18ceedc87a50e28bb90ec7a4c09eebb337f94ef17468349794fa828639",
    "https://deno.land/std@0.181.0/yaml/schema/default.ts": "0047e80ae8a4a93293bc4c557ae8a546aabd46bb7165b9d9b940d57b4d88bde9",
    "https://deno.land/std@0.181.0/yaml/schema/extended.ts": "0784416bf062d20a1626b53c03380e265b3e39b9409afb9f4cb7d659fd71e60d",
    "https://deno.land/std@0.181.0/yaml/schema/failsafe.ts": "d219ab5febc43f770917d8ec37735a4b1ad671149846cbdcade767832b42b92b",
    "https://deno.land/std@0.181.0/yaml/schema/json.ts": "5f41dd7c2f1ad545ef6238633ce9ee3d444dfc5a18101e1768bd5504bf90e5e5",
    "https://deno.land/std@0.181.0/yaml/schema/mod.ts": "4472e827bab5025e92bc2eb2eeefa70ecbefc64b2799b765c69af84822efef32",
    "https://deno.land/std@0.181.0/yaml/stringify.ts": "fffc09c65c68d3d63f8159e8cbaa3f489bc20a8e55b4fbb61a8c2e9f914d1d02",
    "https://deno.land/std@0.181.0/yaml/type.ts": "1aabb8e0a3f4229ce0a3526256f68826d9bdf65a36c8a3890ead8011fcba7670",
    "https://raw.githubusercontent.com/catppuccin/catppuccin/main/resources/ports.schema.json": "f1bfc1f4c68af258cd2f1a254d70069b7d254ab0cfe298b9b52bcd78299d8e40"
  },
  "npm": {
    "specifiers": {
      "@catppuccin/palette@0.2.0": "@catppuccin/palette@0.2.0",
      "ajv@8.12.0": "ajv@8.12.0"
    },
    "packages": {
      "@catppuccin/palette@0.2.0": {
        "integrity": "sha512-PoAMQMEbL8fBEO80eusB+XQg+1i2kxQHw6COwBRC4bVWxWuRroZjm3K6bOdqPHNHKikDIV7wLi9hSG4NoD1FEQ==",
        "dependencies": {}
      },
      "ajv@8.12.0": {
        "integrity": "sha512-sRu1kpcO9yLtYxBKvqfTeh9KzZEwO3STyX1HT+4CaDzC6HpTGYhIhPIzj9XuKU7KYDwnaeh5hcOwjy1QuJzBPA==",
        "dependencies": {
          "fast-deep-equal": "fast-deep-equal@3.1.3",
          "json-schema-traverse": "json-schema-traverse@1.0.0",
          "require-from-string": "require-from-string@2.0.2",
          "uri-js": "uri-js@4.4.1"
        }
      },
      "fast-deep-equal@3.1.3": {
        "integrity": "sha512-f3qQ9oQy9j2AhBe/H9VC91wLmKBCCU/gDOnKNAYG5hswO7BLKj09Hc5HYNz9cGI++xlpDCIgDaitVs03ATR84Q==",
        "dependencies": {}
      },
      "json-schema-traverse@1.0.0": {
        "integrity": "sha512-NM8/P9n3XjXhIZn1lLhkFaACTOURQXjWhV4BA/RnOv8xvgqtqpAX9IO4mRQxSx1Rlo4tqzeqb0sOlruaOy3dug==",
        "dependencies": {}
      },
      "punycode@2.3.0": {
        "integrity": "sha512-rRV+zQD8tVFys26lAGR9WUuS4iUAngJScM+ZRSKtvl5tKeZ2t5bvdNFdNHBW9FWR4guGHlgmsZ1G7BSm2wTbuA==",
        "dependencies": {}
      },
      "require-from-string@2.0.2": {
        "integrity": "sha512-Xf0nWe6RseziFMu+Ap9biiUbmplq6S9/p+7w7YXP/JBHhrUDDUhwa+vANyubuqfZWTveU//DYVGsDG7RKL/vEw==",
        "dependencies": {}
      },
      "uri-js@4.4.1": {
        "integrity": "sha512-7rKUyy33Q1yc98pQ1DAmLtwX109F7TIfWlW1Ydo8Wl1ii1SeHieeh0HHfPeL2fMXK6z0s8ecKs9frCuLJvndBg==",
        "dependencies": {
          "punycode": "punycode@2.3.0"
        }
      }
    }
  }
}
