{
  "version": "5",
  "specifiers": {
    "jsr:@std/internal@^1.0.12": "1.0.12",
    "jsr:@std/path@^1.1.4": "1.1.4",
    "npm:@types/user-agents@^1.0.4": "1.0.4",
    "npm:color@^5.0.3": "5.0.3",
    "npm:lightningcss-wasm@^1.31.1": "1.31.1",
    "npm:playwright@1.56.0": "1.56.0",
    "npm:user-agents@^1.1.669": "1.1.669"
  },
  "jsr": {
    "@std/internal@1.0.12": {
      "integrity": "972a634fd5bc34b242024402972cd5143eac68d8dffaca5eaa4dba30ce17b027"
    },
    "@std/path@1.1.4": {
      "integrity": "1d2d43f39efb1b42f0b1882a25486647cb851481862dc7313390b2bb044314b5",
      "dependencies": [
        "jsr:@std/internal"
      ]
    }
  },
  "npm": {
    "@types/user-agents@1.0.4": {
      "integrity": "sha512-AjeFc4oX5WPPflgKfRWWJfkEk7Wu82fnj1rROPsiqFt6yElpdGFg8Srtm/4PU4rA9UiDUZlruGPgcwTMQlwq4w=="
    },
    "color-convert@3.1.3": {
      "integrity": "sha512-fasDH2ont2GqF5HpyO4w0+BcewlhHEZOFn9c1ckZdHpJ56Qb7MHhH/IcJZbBGgvdtwdwNbLvxiBEdg336iA9Sg==",
      "dependencies": [
        "color-name"
      ]
    },
    "color-name@2.1.0": {
      "integrity": "sha512-1bPaDNFm0axzE4MEAzKPuqKWeRaT43U/hyxKPBdqTfmPF+d6n7FSoTFxLVULUJOmiLp01KjhIPPH+HrXZJN4Rg=="
    },
    "color-string@2.1.4": {
      "integrity": "sha512-Bb6Cq8oq0IjDOe8wJmi4JeNn763Xs9cfrBcaylK1tPypWzyoy2G3l90v9k64kjphl/ZJjPIShFztenRomi8WTg==",
      "dependencies": [
        "color-name"
      ]
    },
    "color@5.0.3": {
      "integrity": "sha512-ezmVcLR3xAVp8kYOm4GS45ZLLgIE6SPAFoduLr6hTDajwb3KZ2F46gulK3XpcwRFb5KKGCSezCBAY4Dw4HsyXA==",
      "dependencies": [
        "color-convert",
        "color-string"
      ]
    },
    "fsevents@2.3.2": {
      "integrity": "sha512-xiqMQR4xAeHTuB9uWm+fFRcIOgKBMiOBP+eXiyT7jsgVCq1bkVygt00oASowB7EdtpOHaaPgKt812P9ab+DDKA==",
      "os": ["darwin"],
      "scripts": true
    },
    "lightningcss-wasm@1.31.1": {
      "integrity": "sha512-JYnA3ZpKhF/X+pkLBPMsqDAXZmxd2mQ4nauKd78IfMnioook736ksaCJu6d70Wkq6soD74V+G4fhaOWmWzW5dg=="
    },
    "lodash.clonedeep@4.5.0": {
      "integrity": "sha512-H5ZhCF25riFd9uB5UCkVKo61m3S/xZk1x4wA6yp/L3RFP6Z/eHH1ymQcGLo7J3GMPfm0V/7m1tryHuGVxpqEBQ=="
    },
    "playwright-core@1.56.0": {
      "integrity": "sha512-1SXl7pMfemAMSDn5rkPeZljxOCYAmQnYLBTExuh6E8USHXGSX3dx6lYZN/xPpTz1vimXmPA9CDnILvmJaB8aSQ==",
      "bin": true
    },
    "playwright@1.56.0": {
      "integrity": "sha512-X5Q1b8lOdWIE4KAoHpW3SE8HvUB+ZZsUoN64ZhjnN8dOb1UpujxBtENGiZFE+9F/yhzJwYa+ca3u43FeLbboHA==",
      "dependencies": [
        "playwright-core"
      ],
      "optionalDependencies": [
        "fsevents"
      ],
      "bin": true
    },
    "user-agents@1.1.669": {
      "integrity": "sha512-pbIzG+AOqCaIpySKJ4IAm1l0VyE4jMnK4y1thV8lm8PYxI+7X5uWcppOK7zY79TCKKTAnJH3/4gaVIZHsjrmJA==",
      "dependencies": [
        "lodash.clonedeep"
      ]
    }
  },
  "workspace": {
    "dependencies": [
      "jsr:@std/path@^1.1.4",
      "npm:@types/user-agents@^1.0.4",
      "npm:color@^5.0.3",
      "npm:lightningcss-wasm@^1.31.1",
      "npm:playwright@1.56.0",
      "npm:user-agents@^1.1.669"
    ]
  }
}
