{
  "nodes": {
    "nixpkgs": {
      "locked": {
        "lastModified": 1767364772,
        "narHash": "sha256-G6ie+qOCRSV7wzOY+6L1o8GvcH1qDcE/DTzDT4CRdNw=",
        "rev": "16c7794d0a28b5a37904d55bcca36003b9109aaa",
        "type": "tarball",
        "url": "https://releases.nixos.org/nixpkgs/nixpkgs-26.05pre921317.16c7794d0a28/nixexprs.tar.xz"
      },
      "original": {
        "type": "tarball",
        "url": "https://channels.nixos.org/nixpkgs-unstable/nixexprs.tar.xz"
      }
    },
    "root": {
      "inputs": {
        "nixpkgs": "nixpkgs"
      }
    }
  },
  "root": "root",
  "version": 7
}
